
Microsoft Visual Studio Solution File, Format Version 12.00
# Visual Studio Version 16
VisualStudioVersion = 16.0.29709.97
MinimumVisualStudioVersion = 10.0.40219.1
Project("{FAE04EC0-301F-11D3-BF4B-00C04F79EFBC}") = "HelloASP", "HelloASP.csproj", "{50535189-A845-4114-9016-1163D0B26B44}"
EndProject
Global
	GlobalSection(SolutionConfigurationPlatforms) = preSolution
		Debug|Any CPU = Debug|Any CPU
		Release|Any CPU = Release|Any CPU
	EndGlobalSection
	GlobalSection(ProjectConfigurationPlatforms) = postSolution
		{50535189-A845-4114-9016-1163D0B26B44}.Debug|Any CPU.ActiveCfg = Debug|Any CPU
		{50535189-A845-4114-9016-1163D0B26B44}.Debug|Any CPU.Build.0 = Debug|Any CPU
		{50535189-A845-4114-9016-1163D0B26B44}.Release|Any CPU.ActiveCfg = Release|Any CPU
		{50535189-A845-4114-9016-1163D0B26B44}.Release|Any CPU.Build.0 = Release|Any CPU
	EndGlobalSection
	GlobalSection(SolutionProperties) = preSolution
		HideSolutionNode = FALSE
	EndGlobalSection
	GlobalSection(ExtensibilityGlobals) = postSolution
		SolutionGuid = {9E1609A1-CE11-4EBA-A97A-A070862D1E98}
	EndGlobalSection
EndGlobal
